
Microsoft Visual Studio Solution File, Format Version 12.00
# Visual Studio Version 16
VisualStudioVersion = 16.0.31019.35
MinimumVisualStudioVersion = 10.0.40219.1
Project("{9A19103F-16F7-4668-BE54-9A1E7A4F7556}") = "KeyChart.WPF", "KeyChart.WPF\KeyChart.WPF.csproj", "{5A200202-B3BF-4BD2-BE34-5F4AE2F282FC}"
EndProject
Project("{FAE04EC0-301F-11D3-BF4B-00C04F79EFBC}") = "KeyChart.UWP", "KeyChart.UWP\KeyChart.UWP.csproj", "{48057740-DC3A-466E-97FC-2AEC26E05735}"
EndProject
Project("{FAE04EC0-301F-11D3-BF4B-00C04F79EFBC}") = "Piksel.UWP", "Piksel.UWP\Piksel.UWP.csproj", "{75BFEBB8-9A6F-4842-BE72-EADFCF3AF915}"
EndProject
Project("{FAE04EC0-301F-11D3-BF4B-00C04F79EFBC}") = "Piksel.UWP.ExampleApp", "Piksel.UWP.ExampleApp\Piksel.UWP.ExampleApp.csproj", "{490634FB-18DF-45ED-8D81-35B1C544C3EF}"
EndProject
Project("{9A19103F-16F7-4668-BE54-9A1E7A4F7556}") = "KeyChart.HotkeyHelper", "KeyChart.HotkeyHelper\KeyChart.HotkeyHelper.csproj", "{8C89A6BE-A3D1-4A74-8632-69B07167993E}"
EndProject
Project("{C7167F0D-BC9F-4E6E-AFE1-012C56B48DB5}") = "KeyChart.UWP.Package", "KeyChart.Package\KeyChart.UWP.Package.wapproj", "{C6B2E70B-83D2-4AE3-AB55-E36D694D325F}"
EndProject
Project("{9A19103F-16F7-4668-BE54-9A1E7A4F7556}") = "KeyChart.Services", "KeyChart.Services\KeyChart.Services.csproj", "{44964BB3-5ADC-4FDA-B4AB-8C679054EAA6}"
EndProject
Project("{9A19103F-16F7-4668-BE54-9A1E7A4F7556}") = "KeyChart.Keyboards", "KeyChart.Keyboards\KeyChart.Keyboards.csproj", "{48BE34CC-7ED6-4D2C-8047-487FF3F22E98}"
EndProject
Project("{2150E333-8FDC-42A3-9474-1A3956D46DE8}") = "Piksel.UWP", "Piksel.UWP", "{8D2E1A2F-EA40-4091-97F6-9885DDBF4168}"
EndProject
Project("{FAE04EC0-301F-11D3-BF4B-00C04F79EFBC}") = "KeyChart.Overlay", "KeyChart.GUI\KeyChart.GUI.csproj", "{1886BF49-8C72-4397-871F-E641174F0907}"
EndProject
Project("{FAE04EC0-301F-11D3-BF4B-00C04F79EFBC}") = "AvaloniaTest", "AvaloniaTest\AvaloniaTest.csproj", "{AEEA1C25-3777-4EC3-99C9-212366BC0F9A}"
EndProject
Project("{FAE04EC0-301F-11D3-BF4B-00C04F79EFBC}") = "KeyChart.Winterop", "KeyChart.Winterop\KeyChart.Winterop.csproj", "{819C5E3E-A36E-4599-805C-5A5F5AD82491}"
EndProject
Global
	GlobalSection(SolutionConfigurationPlatforms) = preSolution
		Debug|Any CPU = Debug|Any CPU
		Debug|ARM = Debug|ARM
		Debug|ARM64 = Debug|ARM64
		Debug|x64 = Debug|x64
		Debug|x86 = Debug|x86
		Release|Any CPU = Release|Any CPU
		Release|ARM = Release|ARM
		Release|ARM64 = Release|ARM64
		Release|x64 = Release|x64
		Release|x86 = Release|x86
	EndGlobalSection
	GlobalSection(ProjectConfigurationPlatforms) = postSolution
		{5A200202-B3BF-4BD2-BE34-5F4AE2F282FC}.Debug|Any CPU.ActiveCfg = Debug|Any CPU
		{5A200202-B3BF-4BD2-BE34-5F4AE2F282FC}.Debug|Any CPU.Build.0 = Debug|Any CPU
		{5A200202-B3BF-4BD2-BE34-5F4AE2F282FC}.Debug|ARM.ActiveCfg = Debug|Any CPU
		{5A200202-B3BF-4BD2-BE34-5F4AE2F282FC}.Debug|ARM.Build.0 = Debug|Any CPU
		{5A200202-B3BF-4BD2-BE34-5F4AE2F282FC}.Debug|ARM64.ActiveCfg = Debug|Any CPU
		{5A200202-B3BF-4BD2-BE34-5F4AE2F282FC}.Debug|ARM64.Build.0 = Debug|Any CPU
		{5A200202-B3BF-4BD2-BE34-5F4AE2F282FC}.Debug|x64.ActiveCfg = Debug|Any CPU
		{5A200202-B3BF-4BD2-BE34-5F4AE2F282FC}.Debug|x64.Build.0 = Debug|Any CPU
		{5A200202-B3BF-4BD2-BE34-5F4AE2F282FC}.Debug|x86.ActiveCfg = Debug|Any CPU
		{5A200202-B3BF-4BD2-BE34-5F4AE2F282FC}.Debug|x86.Build.0 = Debug|Any CPU
		{5A200202-B3BF-4BD2-BE34-5F4AE2F282FC}.Release|Any CPU.ActiveCfg = Release|Any CPU
		{5A200202-B3BF-4BD2-BE34-5F4AE2F282FC}.Release|Any CPU.Build.0 = Release|Any CPU
		{5A200202-B3BF-4BD2-BE34-5F4AE2F282FC}.Release|ARM.ActiveCfg = Release|Any CPU
		{5A200202-B3BF-4BD2-BE34-5F4AE2F282FC}.Release|ARM.Build.0 = Release|Any CPU
		{5A200202-B3BF-4BD2-BE34-5F4AE2F282FC}.Release|ARM64.ActiveCfg = Release|Any CPU
		{5A200202-B3BF-4BD2-BE34-5F4AE2F282FC}.Release|ARM64.Build.0 = Release|Any CPU
		{5A200202-B3BF-4BD2-BE34-5F4AE2F282FC}.Release|x64.ActiveCfg = Release|Any CPU
		{5A200202-B3BF-4BD2-BE34-5F4AE2F282FC}.Release|x64.Build.0 = Release|Any CPU
		{5A200202-B3BF-4BD2-BE34-5F4AE2F282FC}.Release|x86.ActiveCfg = Release|Any CPU
		{5A200202-B3BF-4BD2-BE34-5F4AE2F282FC}.Release|x86.Build.0 = Release|Any CPU
		{48057740-DC3A-466E-97FC-2AEC26E05735}.Debug|Any CPU.ActiveCfg = Debug|x64
		{48057740-DC3A-466E-97FC-2AEC26E05735}.Debug|Any CPU.Build.0 = Debug|x64
		{48057740-DC3A-466E-97FC-2AEC26E05735}.Debug|ARM.ActiveCfg = Debug|ARM
		{48057740-DC3A-466E-97FC-2AEC26E05735}.Debug|ARM.Build.0 = Debug|ARM
		{48057740-DC3A-466E-97FC-2AEC26E05735}.Debug|ARM.Deploy.0 = Debug|ARM
		{48057740-DC3A-466E-97FC-2AEC26E05735}.Debug|ARM64.ActiveCfg = Debug|ARM64
		{48057740-DC3A-466E-97FC-2AEC26E05735}.Debug|ARM64.Build.0 = Debug|ARM64
		{48057740-DC3A-466E-97FC-2AEC26E05735}.Debug|ARM64.Deploy.0 = Debug|ARM64
		{48057740-DC3A-466E-97FC-2AEC26E05735}.Debug|x64.ActiveCfg = Debug|x64
		{48057740-DC3A-466E-97FC-2AEC26E05735}.Debug|x64.Build.0 = Debug|x64
		{48057740-DC3A-466E-97FC-2AEC26E05735}.Debug|x64.Deploy.0 = Debug|x64
		{48057740-DC3A-466E-97FC-2AEC26E05735}.Debug|x86.ActiveCfg = Debug|x86
		{48057740-DC3A-466E-97FC-2AEC26E05735}.Debug|x86.Build.0 = Debug|x86
		{48057740-DC3A-466E-97FC-2AEC26E05735}.Debug|x86.Deploy.0 = Debug|x86
		{48057740-DC3A-466E-97FC-2AEC26E05735}.Release|Any CPU.ActiveCfg = Release|x86
		{48057740-DC3A-466E-97FC-2AEC26E05735}.Release|ARM.ActiveCfg = Release|ARM
		{48057740-DC3A-466E-97FC-2AEC26E05735}.Release|ARM.Build.0 = Release|ARM
		{48057740-DC3A-466E-97FC-2AEC26E05735}.Release|ARM.Deploy.0 = Release|ARM
		{48057740-DC3A-466E-97FC-2AEC26E05735}.Release|ARM64.ActiveCfg = Release|ARM64
		{48057740-DC3A-466E-97FC-2AEC26E05735}.Release|ARM64.Build.0 = Release|ARM64
		{48057740-DC3A-466E-97FC-2AEC26E05735}.Release|ARM64.Deploy.0 = Release|ARM64
		{48057740-DC3A-466E-97FC-2AEC26E05735}.Release|x64.ActiveCfg = Release|x64
		{48057740-DC3A-466E-97FC-2AEC26E05735}.Release|x64.Build.0 = Release|x64
		{48057740-DC3A-466E-97FC-2AEC26E05735}.Release|x64.Deploy.0 = Release|x64
		{48057740-DC3A-466E-97FC-2AEC26E05735}.Release|x86.ActiveCfg = Release|x86
		{48057740-DC3A-466E-97FC-2AEC26E05735}.Release|x86.Build.0 = Release|x86
		{48057740-DC3A-466E-97FC-2AEC26E05735}.Release|x86.Deploy.0 = Release|x86
		{75BFEBB8-9A6F-4842-BE72-EADFCF3AF915}.Debug|Any CPU.ActiveCfg = Debug|Any CPU
		{75BFEBB8-9A6F-4842-BE72-EADFCF3AF915}.Debug|Any CPU.Build.0 = Debug|Any CPU
		{75BFEBB8-9A6F-4842-BE72-EADFCF3AF915}.Debug|ARM.ActiveCfg = Debug|ARM
		{75BFEBB8-9A6F-4842-BE72-EADFCF3AF915}.Debug|ARM.Build.0 = Debug|ARM
		{75BFEBB8-9A6F-4842-BE72-EADFCF3AF915}.Debug|ARM64.ActiveCfg = Debug|ARM64
		{75BFEBB8-9A6F-4842-BE72-EADFCF3AF915}.Debug|ARM64.Build.0 = Debug|ARM64
		{75BFEBB8-9A6F-4842-BE72-EADFCF3AF915}.Debug|x64.ActiveCfg = Debug|x64
		{75BFEBB8-9A6F-4842-BE72-EADFCF3AF915}.Debug|x64.Build.0 = Debug|x64
		{75BFEBB8-9A6F-4842-BE72-EADFCF3AF915}.Debug|x86.ActiveCfg = Debug|x86
		{75BFEBB8-9A6F-4842-BE72-EADFCF3AF915}.Debug|x86.Build.0 = Debug|x86
		{75BFEBB8-9A6F-4842-BE72-EADFCF3AF915}.Release|Any CPU.ActiveCfg = Release|Any CPU
		{75BFEBB8-9A6F-4842-BE72-EADFCF3AF915}.Release|Any CPU.Build.0 = Release|Any CPU
		{75BFEBB8-9A6F-4842-BE72-EADFCF3AF915}.Release|ARM.ActiveCfg = Release|ARM
		{75BFEBB8-9A6F-4842-BE72-EADFCF3AF915}.Release|ARM.Build.0 = Release|ARM
		{75BFEBB8-9A6F-4842-BE72-EADFCF3AF915}.Release|ARM64.ActiveCfg = Release|ARM64
		{75BFEBB8-9A6F-4842-BE72-EADFCF3AF915}.Release|ARM64.Build.0 = Release|ARM64
		{75BFEBB8-9A6F-4842-BE72-EADFCF3AF915}.Release|x64.ActiveCfg = Release|x64
		{75BFEBB8-9A6F-4842-BE72-EADFCF3AF915}.Release|x64.Build.0 = Release|x64
		{75BFEBB8-9A6F-4842-BE72-EADFCF3AF915}.Release|x86.ActiveCfg = Release|x86
		{75BFEBB8-9A6F-4842-BE72-EADFCF3AF915}.Release|x86.Build.0 = Release|x86
		{490634FB-18DF-45ED-8D81-35B1C544C3EF}.Debug|Any CPU.ActiveCfg = Debug|x86
		{490634FB-18DF-45ED-8D81-35B1C544C3EF}.Debug|Any CPU.Build.0 = Debug|x86
		{490634FB-18DF-45ED-8D81-35B1C544C3EF}.Debug|Any CPU.Deploy.0 = Debug|x86
		{490634FB-18DF-45ED-8D81-35B1C544C3EF}.Debug|ARM.ActiveCfg = Debug|ARM
		{490634FB-18DF-45ED-8D81-35B1C544C3EF}.Debug|ARM.Build.0 = Debug|ARM
		{490634FB-18DF-45ED-8D81-35B1C544C3EF}.Debug|ARM.Deploy.0 = Debug|ARM
		{490634FB-18DF-45ED-8D81-35B1C544C3EF}.Debug|ARM64.ActiveCfg = Debug|ARM64
		{490634FB-18DF-45ED-8D81-35B1C544C3EF}.Debug|ARM64.Build.0 = Debug|ARM64
		{490634FB-18DF-45ED-8D81-35B1C544C3EF}.Debug|ARM64.Deploy.0 = Debug|ARM64
		{490634FB-18DF-45ED-8D81-35B1C544C3EF}.Debug|x64.ActiveCfg = Debug|x64
		{490634FB-18DF-45ED-8D81-35B1C544C3EF}.Debug|x64.Build.0 = Debug|x64
		{490634FB-18DF-45ED-8D81-35B1C544C3EF}.Debug|x64.Deploy.0 = Debug|x64
		{490634FB-18DF-45ED-8D81-35B1C544C3EF}.Debug|x86.ActiveCfg = Debug|x86
		{490634FB-18DF-45ED-8D81-35B1C544C3EF}.Debug|x86.Build.0 = Debug|x86
		{490634FB-18DF-45ED-8D81-35B1C544C3EF}.Debug|x86.Deploy.0 = Debug|x86
		{490634FB-18DF-45ED-8D81-35B1C544C3EF}.Release|Any CPU.ActiveCfg = Release|x86
		{490634FB-18DF-45ED-8D81-35B1C544C3EF}.Release|ARM.ActiveCfg = Release|ARM
		{490634FB-18DF-45ED-8D81-35B1C544C3EF}.Release|ARM.Build.0 = Release|ARM
		{490634FB-18DF-45ED-8D81-35B1C544C3EF}.Release|ARM.Deploy.0 = Release|ARM
		{490634FB-18DF-45ED-8D81-35B1C544C3EF}.Release|ARM64.ActiveCfg = Release|ARM64
		{490634FB-18DF-45ED-8D81-35B1C544C3EF}.Release|ARM64.Build.0 = Release|ARM64
		{490634FB-18DF-45ED-8D81-35B1C544C3EF}.Release|ARM64.Deploy.0 = Release|ARM64
		{490634FB-18DF-45ED-8D81-35B1C544C3EF}.Release|x64.ActiveCfg = Release|x64
		{490634FB-18DF-45ED-8D81-35B1C544C3EF}.Release|x64.Build.0 = Release|x64
		{490634FB-18DF-45ED-8D81-35B1C544C3EF}.Release|x64.Deploy.0 = Release|x64
		{490634FB-18DF-45ED-8D81-35B1C544C3EF}.Release|x86.ActiveCfg = Release|x86
		{490634FB-18DF-45ED-8D81-35B1C544C3EF}.Release|x86.Build.0 = Release|x86
		{490634FB-18DF-45ED-8D81-35B1C544C3EF}.Release|x86.Deploy.0 = Release|x86
		{8C89A6BE-A3D1-4A74-8632-69B07167993E}.Debug|Any CPU.ActiveCfg = Debug|Any CPU
		{8C89A6BE-A3D1-4A74-8632-69B07167993E}.Debug|Any CPU.Build.0 = Debug|Any CPU
		{8C89A6BE-A3D1-4A74-8632-69B07167993E}.Debug|ARM.ActiveCfg = Debug|Any CPU
		{8C89A6BE-A3D1-4A74-8632-69B07167993E}.Debug|ARM.Build.0 = Debug|Any CPU
		{8C89A6BE-A3D1-4A74-8632-69B07167993E}.Debug|ARM64.ActiveCfg = Debug|Any CPU
		{8C89A6BE-A3D1-4A74-8632-69B07167993E}.Debug|ARM64.Build.0 = Debug|Any CPU
		{8C89A6BE-A3D1-4A74-8632-69B07167993E}.Debug|x64.ActiveCfg = Debug|Any CPU
		{8C89A6BE-A3D1-4A74-8632-69B07167993E}.Debug|x64.Build.0 = Debug|Any CPU
		{8C89A6BE-A3D1-4A74-8632-69B07167993E}.Debug|x86.ActiveCfg = Debug|Any CPU
		{8C89A6BE-A3D1-4A74-8632-69B07167993E}.Debug|x86.Build.0 = Debug|Any CPU
		{8C89A6BE-A3D1-4A74-8632-69B07167993E}.Release|Any CPU.ActiveCfg = Release|Any CPU
		{8C89A6BE-A3D1-4A74-8632-69B07167993E}.Release|Any CPU.Build.0 = Release|Any CPU
		{8C89A6BE-A3D1-4A74-8632-69B07167993E}.Release|ARM.ActiveCfg = Release|Any CPU
		{8C89A6BE-A3D1-4A74-8632-69B07167993E}.Release|ARM.Build.0 = Release|Any CPU
		{8C89A6BE-A3D1-4A74-8632-69B07167993E}.Release|ARM64.ActiveCfg = Release|Any CPU
		{8C89A6BE-A3D1-4A74-8632-69B07167993E}.Release|ARM64.Build.0 = Release|Any CPU
		{8C89A6BE-A3D1-4A74-8632-69B07167993E}.Release|x64.ActiveCfg = Release|Any CPU
		{8C89A6BE-A3D1-4A74-8632-69B07167993E}.Release|x64.Build.0 = Release|Any CPU
		{8C89A6BE-A3D1-4A74-8632-69B07167993E}.Release|x86.ActiveCfg = Release|Any CPU
		{8C89A6BE-A3D1-4A74-8632-69B07167993E}.Release|x86.Build.0 = Release|Any CPU
		{C6B2E70B-83D2-4AE3-AB55-E36D694D325F}.Debug|Any CPU.ActiveCfg = Debug|Any CPU
		{C6B2E70B-83D2-4AE3-AB55-E36D694D325F}.Debug|Any CPU.Build.0 = Debug|Any CPU
		{C6B2E70B-83D2-4AE3-AB55-E36D694D325F}.Debug|Any CPU.Deploy.0 = Debug|Any CPU
		{C6B2E70B-83D2-4AE3-AB55-E36D694D325F}.Debug|ARM.ActiveCfg = Debug|ARM
		{C6B2E70B-83D2-4AE3-AB55-E36D694D325F}.Debug|ARM.Build.0 = Debug|ARM
		{C6B2E70B-83D2-4AE3-AB55-E36D694D325F}.Debug|ARM.Deploy.0 = Debug|ARM
		{C6B2E70B-83D2-4AE3-AB55-E36D694D325F}.Debug|ARM64.ActiveCfg = Debug|ARM64
		{C6B2E70B-83D2-4AE3-AB55-E36D694D325F}.Debug|ARM64.Build.0 = Debug|ARM64
		{C6B2E70B-83D2-4AE3-AB55-E36D694D325F}.Debug|ARM64.Deploy.0 = Debug|ARM64
		{C6B2E70B-83D2-4AE3-AB55-E36D694D325F}.Debug|x64.ActiveCfg = Debug|x64
		{C6B2E70B-83D2-4AE3-AB55-E36D694D325F}.Debug|x64.Build.0 = Debug|x64
		{C6B2E70B-83D2-4AE3-AB55-E36D694D325F}.Debug|x64.Deploy.0 = Debug|x64
		{C6B2E70B-83D2-4AE3-AB55-E36D694D325F}.Debug|x86.ActiveCfg = Debug|x86
		{C6B2E70B-83D2-4AE3-AB55-E36D694D325F}.Debug|x86.Build.0 = Debug|x86
		{C6B2E70B-83D2-4AE3-AB55-E36D694D325F}.Debug|x86.Deploy.0 = Debug|x86
		{C6B2E70B-83D2-4AE3-AB55-E36D694D325F}.Release|Any CPU.ActiveCfg = Release|Any CPU
		{C6B2E70B-83D2-4AE3-AB55-E36D694D325F}.Release|Any CPU.Build.0 = Release|Any CPU
		{C6B2E70B-83D2-4AE3-AB55-E36D694D325F}.Release|Any CPU.Deploy.0 = Release|Any CPU
		{C6B2E70B-83D2-4AE3-AB55-E36D694D325F}.Release|ARM.ActiveCfg = Release|ARM
		{C6B2E70B-83D2-4AE3-AB55-E36D694D325F}.Release|ARM.Build.0 = Release|ARM
		{C6B2E70B-83D2-4AE3-AB55-E36D694D325F}.Release|ARM.Deploy.0 = Release|ARM
		{C6B2E70B-83D2-4AE3-AB55-E36D694D325F}.Release|ARM64.ActiveCfg = Release|ARM64
		{C6B2E70B-83D2-4AE3-AB55-E36D694D325F}.Release|ARM64.Build.0 = Release|ARM64
		{C6B2E70B-83D2-4AE3-AB55-E36D694D325F}.Release|ARM64.Deploy.0 = Release|ARM64
		{C6B2E70B-83D2-4AE3-AB55-E36D694D325F}.Release|x64.ActiveCfg = Release|x64
		{C6B2E70B-83D2-4AE3-AB55-E36D694D325F}.Release|x64.Build.0 = Release|x64
		{C6B2E70B-83D2-4AE3-AB55-E36D694D325F}.Release|x64.Deploy.0 = Release|x64
		{C6B2E70B-83D2-4AE3-AB55-E36D694D325F}.Release|x86.ActiveCfg = Release|x86
		{C6B2E70B-83D2-4AE3-AB55-E36D694D325F}.Release|x86.Build.0 = Release|x86
		{C6B2E70B-83D2-4AE3-AB55-E36D694D325F}.Release|x86.Deploy.0 = Release|x86
		{44964BB3-5ADC-4FDA-B4AB-8C679054EAA6}.Debug|Any CPU.ActiveCfg = Debug|Any CPU
		{44964BB3-5ADC-4FDA-B4AB-8C679054EAA6}.Debug|Any CPU.Build.0 = Debug|Any CPU
		{44964BB3-5ADC-4FDA-B4AB-8C679054EAA6}.Debug|ARM.ActiveCfg = Debug|Any CPU
		{44964BB3-5ADC-4FDA-B4AB-8C679054EAA6}.Debug|ARM.Build.0 = Debug|Any CPU
		{44964BB3-5ADC-4FDA-B4AB-8C679054EAA6}.Debug|ARM64.ActiveCfg = Debug|Any CPU
		{44964BB3-5ADC-4FDA-B4AB-8C679054EAA6}.Debug|ARM64.Build.0 = Debug|Any CPU
		{44964BB3-5ADC-4FDA-B4AB-8C679054EAA6}.Debug|x64.ActiveCfg = Debug|Any CPU
		{44964BB3-5ADC-4FDA-B4AB-8C679054EAA6}.Debug|x64.Build.0 = Debug|Any CPU
		{44964BB3-5ADC-4FDA-B4AB-8C679054EAA6}.Debug|x86.ActiveCfg = Debug|Any CPU
		{44964BB3-5ADC-4FDA-B4AB-8C679054EAA6}.Debug|x86.Build.0 = Debug|Any CPU
		{44964BB3-5ADC-4FDA-B4AB-8C679054EAA6}.Release|Any CPU.ActiveCfg = Release|Any CPU
		{44964BB3-5ADC-4FDA-B4AB-8C679054EAA6}.Release|Any CPU.Build.0 = Release|Any CPU
		{44964BB3-5ADC-4FDA-B4AB-8C679054EAA6}.Release|ARM.ActiveCfg = Release|Any CPU
		{44964BB3-5ADC-4FDA-B4AB-8C679054EAA6}.Release|ARM.Build.0 = Release|Any CPU
		{44964BB3-5ADC-4FDA-B4AB-8C679054EAA6}.Release|ARM64.ActiveCfg = Release|Any CPU
		{44964BB3-5ADC-4FDA-B4AB-8C679054EAA6}.Release|ARM64.Build.0 = Release|Any CPU
		{44964BB3-5ADC-4FDA-B4AB-8C679054EAA6}.Release|x64.ActiveCfg = Release|Any CPU
		{44964BB3-5ADC-4FDA-B4AB-8C679054EAA6}.Release|x64.Build.0 = Release|Any CPU
		{44964BB3-5ADC-4FDA-B4AB-8C679054EAA6}.Release|x86.ActiveCfg = Release|Any CPU
		{44964BB3-5ADC-4FDA-B4AB-8C679054EAA6}.Release|x86.Build.0 = Release|Any CPU
		{48BE34CC-7ED6-4D2C-8047-487FF3F22E98}.Debug|Any CPU.ActiveCfg = Debug|Any CPU
		{48BE34CC-7ED6-4D2C-8047-487FF3F22E98}.Debug|Any CPU.Build.0 = Debug|Any CPU
		{48BE34CC-7ED6-4D2C-8047-487FF3F22E98}.Debug|ARM.ActiveCfg = Debug|Any CPU
		{48BE34CC-7ED6-4D2C-8047-487FF3F22E98}.Debug|ARM.Build.0 = Debug|Any CPU
		{48BE34CC-7ED6-4D2C-8047-487FF3F22E98}.Debug|ARM64.ActiveCfg = Debug|Any CPU
		{48BE34CC-7ED6-4D2C-8047-487FF3F22E98}.Debug|ARM64.Build.0 = Debug|Any CPU
		{48BE34CC-7ED6-4D2C-8047-487FF3F22E98}.Debug|x64.ActiveCfg = Debug|Any CPU
		{48BE34CC-7ED6-4D2C-8047-487FF3F22E98}.Debug|x64.Build.0 = Debug|Any CPU
		{48BE34CC-7ED6-4D2C-8047-487FF3F22E98}.Debug|x86.ActiveCfg = Debug|Any CPU
		{48BE34CC-7ED6-4D2C-8047-487FF3F22E98}.Debug|x86.Build.0 = Debug|Any CPU
		{48BE34CC-7ED6-4D2C-8047-487FF3F22E98}.Release|Any CPU.ActiveCfg = Release|Any CPU
		{48BE34CC-7ED6-4D2C-8047-487FF3F22E98}.Release|Any CPU.Build.0 = Release|Any CPU
		{48BE34CC-7ED6-4D2C-8047-487FF3F22E98}.Release|ARM.ActiveCfg = Release|Any CPU
		{48BE34CC-7ED6-4D2C-8047-487FF3F22E98}.Release|ARM.Build.0 = Release|Any CPU
		{48BE34CC-7ED6-4D2C-8047-487FF3F22E98}.Release|ARM64.ActiveCfg = Release|Any CPU
		{48BE34CC-7ED6-4D2C-8047-487FF3F22E98}.Release|ARM64.Build.0 = Release|Any CPU
		{48BE34CC-7ED6-4D2C-8047-487FF3F22E98}.Release|x64.ActiveCfg = Release|Any CPU
		{48BE34CC-7ED6-4D2C-8047-487FF3F22E98}.Release|x64.Build.0 = Release|Any CPU
		{48BE34CC-7ED6-4D2C-8047-487FF3F22E98}.Release|x86.ActiveCfg = Release|Any CPU
		{48BE34CC-7ED6-4D2C-8047-487FF3F22E98}.Release|x86.Build.0 = Release|Any CPU
		{1886BF49-8C72-4397-871F-E641174F0907}.Debug|Any CPU.ActiveCfg = Debug|Any CPU
		{1886BF49-8C72-4397-871F-E641174F0907}.Debug|Any CPU.Build.0 = Debug|Any CPU
		{1886BF49-8C72-4397-871F-E641174F0907}.Debug|ARM.ActiveCfg = Debug|Any CPU
		{1886BF49-8C72-4397-871F-E641174F0907}.Debug|ARM.Build.0 = Debug|Any CPU
		{1886BF49-8C72-4397-871F-E641174F0907}.Debug|ARM64.ActiveCfg = Debug|Any CPU
		{1886BF49-8C72-4397-871F-E641174F0907}.Debug|ARM64.Build.0 = Debug|Any CPU
		{1886BF49-8C72-4397-871F-E641174F0907}.Debug|x64.ActiveCfg = Debug|Any CPU
		{1886BF49-8C72-4397-871F-E641174F0907}.Debug|x64.Build.0 = Debug|Any CPU
		{1886BF49-8C72-4397-871F-E641174F0907}.Debug|x86.ActiveCfg = Debug|Any CPU
		{1886BF49-8C72-4397-871F-E641174F0907}.Debug|x86.Build.0 = Debug|Any CPU
		{1886BF49-8C72-4397-871F-E641174F0907}.Release|Any CPU.ActiveCfg = Release|Any CPU
		{1886BF49-8C72-4397-871F-E641174F0907}.Release|Any CPU.Build.0 = Release|Any CPU
		{1886BF49-8C72-4397-871F-E641174F0907}.Release|ARM.ActiveCfg = Release|Any CPU
		{1886BF49-8C72-4397-871F-E641174F0907}.Release|ARM.Build.0 = Release|Any CPU
		{1886BF49-8C72-4397-871F-E641174F0907}.Release|ARM64.ActiveCfg = Release|Any CPU
		{1886BF49-8C72-4397-871F-E641174F0907}.Release|ARM64.Build.0 = Release|Any CPU
		{1886BF49-8C72-4397-871F-E641174F0907}.Release|x64.ActiveCfg = Release|Any CPU
		{1886BF49-8C72-4397-871F-E641174F0907}.Release|x64.Build.0 = Release|Any CPU
		{1886BF49-8C72-4397-871F-E641174F0907}.Release|x86.ActiveCfg = Release|Any CPU
		{1886BF49-8C72-4397-871F-E641174F0907}.Release|x86.Build.0 = Release|Any CPU
		{AEEA1C25-3777-4EC3-99C9-212366BC0F9A}.Debug|Any CPU.ActiveCfg = Debug|Any CPU
		{AEEA1C25-3777-4EC3-99C9-212366BC0F9A}.Debug|Any CPU.Build.0 = Debug|Any CPU
		{AEEA1C25-3777-4EC3-99C9-212366BC0F9A}.Debug|ARM.ActiveCfg = Debug|Any CPU
		{AEEA1C25-3777-4EC3-99C9-212366BC0F9A}.Debug|ARM.Build.0 = Debug|Any CPU
		{AEEA1C25-3777-4EC3-99C9-212366BC0F9A}.Debug|ARM64.ActiveCfg = Debug|Any CPU
		{AEEA1C25-3777-4EC3-99C9-212366BC0F9A}.Debug|ARM64.Build.0 = Debug|Any CPU
		{AEEA1C25-3777-4EC3-99C9-212366BC0F9A}.Debug|x64.ActiveCfg = Debug|Any CPU
		{AEEA1C25-3777-4EC3-99C9-212366BC0F9A}.Debug|x64.Build.0 = Debug|Any CPU
		{AEEA1C25-3777-4EC3-99C9-212366BC0F9A}.Debug|x86.ActiveCfg = Debug|Any CPU
		{AEEA1C25-3777-4EC3-99C9-212366BC0F9A}.Debug|x86.Build.0 = Debug|Any CPU
		{AEEA1C25-3777-4EC3-99C9-212366BC0F9A}.Release|Any CPU.ActiveCfg = Release|Any CPU
		{AEEA1C25-3777-4EC3-99C9-212366BC0F9A}.Release|Any CPU.Build.0 = Release|Any CPU
		{AEEA1C25-3777-4EC3-99C9-212366BC0F9A}.Release|ARM.ActiveCfg = Release|Any CPU
		{AEEA1C25-3777-4EC3-99C9-212366BC0F9A}.Release|ARM.Build.0 = Release|Any CPU
		{AEEA1C25-3777-4EC3-99C9-212366BC0F9A}.Release|ARM64.ActiveCfg = Release|Any CPU
		{AEEA1C25-3777-4EC3-99C9-212366BC0F9A}.Release|ARM64.Build.0 = Release|Any CPU
		{AEEA1C25-3777-4EC3-99C9-212366BC0F9A}.Release|x64.ActiveCfg = Release|Any CPU
		{AEEA1C25-3777-4EC3-99C9-212366BC0F9A}.Release|x64.Build.0 = Release|Any CPU
		{AEEA1C25-3777-4EC3-99C9-212366BC0F9A}.Release|x86.ActiveCfg = Release|Any CPU
		{AEEA1C25-3777-4EC3-99C9-212366BC0F9A}.Release|x86.Build.0 = Release|Any CPU
		{819C5E3E-A36E-4599-805C-5A5F5AD82491}.Debug|Any CPU.ActiveCfg = Debug|Any CPU
		{819C5E3E-A36E-4599-805C-5A5F5AD82491}.Debug|Any CPU.Build.0 = Debug|Any CPU
		{819C5E3E-A36E-4599-805C-5A5F5AD82491}.Debug|ARM.ActiveCfg = Debug|Any CPU
		{819C5E3E-A36E-4599-805C-5A5F5AD82491}.Debug|ARM.Build.0 = Debug|Any CPU
		{819C5E3E-A36E-4599-805C-5A5F5AD82491}.Debug|ARM64.ActiveCfg = Debug|Any CPU
		{819C5E3E-A36E-4599-805C-5A5F5AD82491}.Debug|ARM64.Build.0 = Debug|Any CPU
		{819C5E3E-A36E-4599-805C-5A5F5AD82491}.Debug|x64.ActiveCfg = Debug|Any CPU
		{819C5E3E-A36E-4599-805C-5A5F5AD82491}.Debug|x64.Build.0 = Debug|Any CPU
		{819C5E3E-A36E-4599-805C-5A5F5AD82491}.Debug|x86.ActiveCfg = Debug|Any CPU
		{819C5E3E-A36E-4599-805C-5A5F5AD82491}.Debug|x86.Build.0 = Debug|Any CPU
		{819C5E3E-A36E-4599-805C-5A5F5AD82491}.Release|Any CPU.ActiveCfg = Release|Any CPU
		{819C5E3E-A36E-4599-805C-5A5F5AD82491}.Release|Any CPU.Build.0 = Release|Any CPU
		{819C5E3E-A36E-4599-805C-5A5F5AD82491}.Release|ARM.ActiveCfg = Release|Any CPU
		{819C5E3E-A36E-4599-805C-5A5F5AD82491}.Release|ARM.Build.0 = Release|Any CPU
		{819C5E3E-A36E-4599-805C-5A5F5AD82491}.Release|ARM64.ActiveCfg = Release|Any CPU
		{819C5E3E-A36E-4599-805C-5A5F5AD82491}.Release|ARM64.Build.0 = Release|Any CPU
		{819C5E3E-A36E-4599-805C-5A5F5AD82491}.Release|x64.ActiveCfg = Release|Any CPU
		{819C5E3E-A36E-4599-805C-5A5F5AD82491}.Release|x64.Build.0 = Release|Any CPU
		{819C5E3E-A36E-4599-805C-5A5F5AD82491}.Release|x86.ActiveCfg = Release|Any CPU
		{819C5E3E-A36E-4599-805C-5A5F5AD82491}.Release|x86.Build.0 = Release|Any CPU
	EndGlobalSection
	GlobalSection(SolutionProperties) = preSolution
		HideSolutionNode = FALSE
	EndGlobalSection
	GlobalSection(NestedProjects) = preSolution
		{75BFEBB8-9A6F-4842-BE72-EADFCF3AF915} = {8D2E1A2F-EA40-4091-97F6-9885DDBF4168}
		{490634FB-18DF-45ED-8D81-35B1C544C3EF} = {8D2E1A2F-EA40-4091-97F6-9885DDBF4168}
	EndGlobalSection
	GlobalSection(ExtensibilityGlobals) = postSolution
		SolutionGuid = {3270FFFB-7BC2-4246-A455-A4264FC28173}
	EndGlobalSection
EndGlobal
